
Microsoft Visual Studio Solution File, Format Version 12.00
# Visual Studio Version 17
VisualStudioVersion = 17.6.33723.286
MinimumVisualStudioVersion = 10.0.40219.1
Project("{FAE04EC0-301F-11D3-BF4B-00C04F79EFBC}") = "BitmapDivider", "BitmapDivider\BitmapDivider.csproj", "{C2C4B047-DC08-4DF5-9A99-4541C1EE9CCD}"
EndProject
Global
	GlobalSection(SolutionConfigurationPlatforms) = preSolution
		Debug|Any CPU = Debug|Any CPU
		Debug|x64 = Debug|x64
		Release|Any CPU = Release|Any CPU
		Release|x64 = Release|x64
	EndGlobalSection
	GlobalSection(ProjectConfigurationPlatforms) = postSolution
		{C2C4B047-DC08-4DF5-9A99-4541C1EE9CCD}.Debug|Any CPU.ActiveCfg = Debug|Any CPU
		{C2C4B047-DC08-4DF5-9A99-4541C1EE9CCD}.Debug|Any CPU.Build.0 = Debug|Any CPU
		{C2C4B047-DC08-4DF5-9A99-4541C1EE9CCD}.Debug|x64.ActiveCfg = Debug|x64
		{C2C4B047-DC08-4DF5-9A99-4541C1EE9CCD}.Debug|x64.Build.0 = Debug|x64
		{C2C4B047-DC08-4DF5-9A99-4541C1EE9CCD}.Release|Any CPU.ActiveCfg = Release|Any CPU
		{C2C4B047-DC08-4DF5-9A99-4541C1EE9CCD}.Release|Any CPU.Build.0 = Release|Any CPU
		{C2C4B047-DC08-4DF5-9A99-4541C1EE9CCD}.Release|x64.ActiveCfg = Release|x64
		{C2C4B047-DC08-4DF5-9A99-4541C1EE9CCD}.Release|x64.Build.0 = Release|x64
	EndGlobalSection
	GlobalSection(SolutionProperties) = preSolution
		HideSolutionNode = FALSE
	EndGlobalSection
	GlobalSection(ExtensibilityGlobals) = postSolution
		SolutionGuid = {286E7A74-E0C7-4ACD-870B-9F93C8062927}
	EndGlobalSection
EndGlobal
